
Microsoft Visual Studio Solution File, Format Version 12.00
# Visual Studio Version 16
VisualStudioVersion = 16.0.30804.86
MinimumVisualStudioVersion = 10.0.40219.1
Project("{FAE04EC0-301F-11D3-BF4B-00C04F79EFBC}") = "MyWebApp.Entities", "MyWebApp.Entities\MyWebApp.Entities.csproj", "{7AD15C9C-4C50-4486-8FDC-CDC19266634A}"
EndProject
Project("{FAE04EC0-301F-11D3-BF4B-00C04F79EFBC}") = "MyWebApp.Shared", "MyWebApp.Shared\MyWebApp.Shared.csproj", "{BC90F6CF-7221-46F4-AF54-540C79184543}"
EndProject
Project("{FAE04EC0-301F-11D3-BF4B-00C04F79EFBC}") = "MyWebApp.Service", "MyWebApp.Service\MyWebApp.Service.csproj", "{72DF0BBD-A370-4631-82BF-001ADCCE27C7}"
EndProject
Project("{FAE04EC0-301F-11D3-BF4B-00C04F79EFBC}") = "MyWebApp.Data", "MyWebApp.Data\MyWebApp.Data.csproj", "{72CCE9CA-9571-498E-9A55-1A232F81F2B9}"
EndProject
Project("{FAE04EC0-301F-11D3-BF4B-00C04F79EFBC}") = "MyWebApp.MVC", "MyWebApp.MVC\MyWebApp.MVC.csproj", "{946DC700-55D6-4BAA-B2D7-4F1C6F31141E}"
EndProject
Global
	GlobalSection(SolutionConfigurationPlatforms) = preSolution
		Debug|Any CPU = Debug|Any CPU
		Release|Any CPU = Release|Any CPU
	EndGlobalSection
	GlobalSection(ProjectConfigurationPlatforms) = postSolution
		{7AD15C9C-4C50-4486-8FDC-CDC19266634A}.Debug|Any CPU.ActiveCfg = Debug|Any CPU
		{7AD15C9C-4C50-4486-8FDC-CDC19266634A}.Debug|Any CPU.Build.0 = Debug|Any CPU
		{7AD15C9C-4C50-4486-8FDC-CDC19266634A}.Release|Any CPU.ActiveCfg = Release|Any CPU
		{7AD15C9C-4C50-4486-8FDC-CDC19266634A}.Release|Any CPU.Build.0 = Release|Any CPU
		{BC90F6CF-7221-46F4-AF54-540C79184543}.Debug|Any CPU.ActiveCfg = Debug|Any CPU
		{BC90F6CF-7221-46F4-AF54-540C79184543}.Debug|Any CPU.Build.0 = Debug|Any CPU
		{BC90F6CF-7221-46F4-AF54-540C79184543}.Release|Any CPU.ActiveCfg = Release|Any CPU
		{BC90F6CF-7221-46F4-AF54-540C79184543}.Release|Any CPU.Build.0 = Release|Any CPU
		{72DF0BBD-A370-4631-82BF-001ADCCE27C7}.Debug|Any CPU.ActiveCfg = Debug|Any CPU
		{72DF0BBD-A370-4631-82BF-001ADCCE27C7}.Debug|Any CPU.Build.0 = Debug|Any CPU
		{72DF0BBD-A370-4631-82BF-001ADCCE27C7}.Release|Any CPU.ActiveCfg = Release|Any CPU
		{72DF0BBD-A370-4631-82BF-001ADCCE27C7}.Release|Any CPU.Build.0 = Release|Any CPU
		{72CCE9CA-9571-498E-9A55-1A232F81F2B9}.Debug|Any CPU.ActiveCfg = Debug|Any CPU
		{72CCE9CA-9571-498E-9A55-1A232F81F2B9}.Debug|Any CPU.Build.0 = Debug|Any CPU
		{72CCE9CA-9571-498E-9A55-1A232F81F2B9}.Release|Any CPU.ActiveCfg = Release|Any CPU
		{72CCE9CA-9571-498E-9A55-1A232F81F2B9}.Release|Any CPU.Build.0 = Release|Any CPU
		{946DC700-55D6-4BAA-B2D7-4F1C6F31141E}.Debug|Any CPU.ActiveCfg = Debug|Any CPU
		{946DC700-55D6-4BAA-B2D7-4F1C6F31141E}.Debug|Any CPU.Build.0 = Debug|Any CPU
		{946DC700-55D6-4BAA-B2D7-4F1C6F31141E}.Release|Any CPU.ActiveCfg = Release|Any CPU
		{946DC700-55D6-4BAA-B2D7-4F1C6F31141E}.Release|Any CPU.Build.0 = Release|Any CPU
	EndGlobalSection
	GlobalSection(SolutionProperties) = preSolution
		HideSolutionNode = FALSE
	EndGlobalSection
	GlobalSection(ExtensibilityGlobals) = postSolution
		SolutionGuid = {A4826939-FD5C-4797-B123-51916F815D92}
	EndGlobalSection
EndGlobal
